// !$*UTF8*$!
{
	archiveVersion = 1;
	classes = {
	};
	objectVersion = 48;
	objects = {

/* Begin PBXBuildFile section */
		8F59CD800FD5141EAB8BEF2C /* Pods_places.framework in Frameworks */ = {isa = PBXBuildFile; fileRef = 45D3FA86B7A408AFACDB6554 /* Pods_places.framework */; };
		CC1366631FC4BA0A00DE2A1E /* CardCVC.swift in Sources */ = {isa = PBXBuildFile; fileRef = CC1366611FC4BA0A00DE2A1E /* CardCVC.swift */; };
		CC1366641FC4BA0A00DE2A1E /* CardCVC.xib in Resources */ = {isa = PBXBuildFile; fileRef = CC1366621FC4BA0A00DE2A1E /* CardCVC.xib */; };
		CC1366681FC4BDB500DE2A1E /* MyCollectionViewLayout.swift in Sources */ = {isa = PBXBuildFile; fileRef = CC1366671FC4BDB500DE2A1E /* MyCollectionViewLayout.swift */; };
		CC1465061FCAE556008A3937 /* ShadowView.swift in Sources */ = {isa = PBXBuildFile; fileRef = CC1465051FCAE556008A3937 /* ShadowView.swift */; };
		CC5E83E81FD47AED00DDFD4C /* AddPositionDetailsViewController.swift in Sources */ = {isa = PBXBuildFile; fileRef = CC5E83E71FD47AED00DDFD4C /* AddPositionDetailsViewController.swift */; };
		CC5E83EE1FD48A1500DDFD4C /* Main.storyboard in Resources */ = {isa = PBXBuildFile; fileRef = CC5E83ED1FD48A1500DDFD4C /* Main.storyboard */; };
		CCD09BCC1FC381D7000E4E30 /* AppDelegate.swift in Sources */ = {isa = PBXBuildFile; fileRef = CCD09BCB1FC381D7000E4E30 /* AppDelegate.swift */; };
		CCD09BCE1FC381D7000E4E30 /* HomeViewController.swift in Sources */ = {isa = PBXBuildFile; fileRef = CCD09BCD1FC381D7000E4E30 /* HomeViewController.swift */; };
		CCD09BD51FC381D7000E4E30 /* Assets.xcassets in Resources */ = {isa = PBXBuildFile; fileRef = CCD09BD41FC381D7000E4E30 /* Assets.xcassets */; };
		CCD09BD81FC381D7000E4E30 /* LaunchScreen.storyboard in Resources */ = {isa = PBXBuildFile; fileRef = CCD09BD61FC381D7000E4E30 /* LaunchScreen.storyboard */; };
		CCD09BEB1FC387FA000E4E30 /* MapKit.framework in Frameworks */ = {isa = PBXBuildFile; fileRef = CCD09BEA1FC387FA000E4E30 /* MapKit.framework */; };
		CCD09BF11FC394DC000E4E30 /* Place.swift in Sources */ = {isa = PBXBuildFile; fileRef = CCD09BF01FC394DC000E4E30 /* Place.swift */; };
		CCD09BF41FC39DC4000E4E30 /* PlaceAnnotation.swift in Sources */ = {isa = PBXBuildFile; fileRef = CCD09BF31FC39DC4000E4E30 /* PlaceAnnotation.swift */; };
		CCF089A120DE4C4100F8416B /* ProgressButton.xib in Resources */ = {isa = PBXBuildFile; fileRef = CCF089A020DE4C4100F8416B /* ProgressButton.xib */; };
		CCF089A320DE4CAA00F8416B /* ProgressButton.swift in Sources */ = {isa = PBXBuildFile; fileRef = CCF089A220DE4CAA00F8416B /* ProgressButton.swift */; };
		CCF089A520DE6AA100F8416B /* GradientView.swift in Sources */ = {isa = PBXBuildFile; fileRef = CCF089A420DE6AA100F8416B /* GradientView.swift */; };
		CCF089A720DE7C7700F8416B /* GoogleService-Info.plist in Resources */ = {isa = PBXBuildFile; fileRef = CCF089A620DE7C7600F8416B /* GoogleService-Info.plist */; };
		CCF1FD551FCB0A2E000DF9EA /* ChoosePositionViewController.swift in Sources */ = {isa = PBXBuildFile; fileRef = CCF1FD541FCB0A2E000DF9EA /* ChoosePositionViewController.swift */; };
/* End PBXBuildFile section */

/* Begin PBXFileReference section */
		32895292E4E6811FBB274D37 /* Pods-places.debug.xcconfig */ = {isa = PBXFileReference; includeInIndex = 1; lastKnownFileType = text.xcconfig; name = "Pods-places.debug.xcconfig"; path = "Pods/Target Support Files/Pods-places/Pods-places.debug.xcconfig"; sourceTree = "<group>"; };
		45D3FA86B7A408AFACDB6554 /* Pods_places.framework */ = {isa = PBXFileReference; explicitFileType = wrapper.framework; includeInIndex = 0; path = Pods_places.framework; sourceTree = BUILT_PRODUCTS_DIR; };
		CC1366611FC4BA0A00DE2A1E /* CardCVC.swift */ = {isa = PBXFileReference; lastKnownFileType = sourcecode.swift; path = CardCVC.swift; sourceTree = "<group>"; };
		CC1366621FC4BA0A00DE2A1E /* CardCVC.xib */ = {isa = PBXFileReference; lastKnownFileType = file.xib; path = CardCVC.xib; sourceTree = "<group>"; };
		CC1366671FC4BDB500DE2A1E /* MyCollectionViewLayout.swift */ = {isa = PBXFileReference; fileEncoding = 4; lastKnownFileType = sourcecode.swift; path = MyCollectionViewLayout.swift; sourceTree = "<group>"; };
		CC1465051FCAE556008A3937 /* ShadowView.swift */ = {isa = PBXFileReference; lastKnownFileType = sourcecode.swift; path = ShadowView.swift; sourceTree = "<group>"; };
		CC5E83E71FD47AED00DDFD4C /* AddPositionDetailsViewController.swift */ = {isa = PBXFileReference; lastKnownFileType = sourcecode.swift; path = AddPositionDetailsViewController.swift; sourceTree = "<group>"; };
		CC5E83ED1FD48A1500DDFD4C /* Main.storyboard */ = {isa = PBXFileReference; fileEncoding = 4; lastKnownFileType = file.storyboard; path = Main.storyboard; sourceTree = "<group>"; };
		CCD09BC81FC381D7000E4E30 /* places.app */ = {isa = PBXFileReference; explicitFileType = wrapper.application; includeInIndex = 0; path = places.app; sourceTree = BUILT_PRODUCTS_DIR; };
		CCD09BCB1FC381D7000E4E30 /* AppDelegate.swift */ = {isa = PBXFileReference; lastKnownFileType = sourcecode.swift; path = AppDelegate.swift; sourceTree = "<group>"; };
		CCD09BCD1FC381D7000E4E30 /* HomeViewController.swift */ = {isa = PBXFileReference; lastKnownFileType = sourcecode.swift; path = HomeViewController.swift; sourceTree = "<group>"; };
		CCD09BD41FC381D7000E4E30 /* Assets.xcassets */ = {isa = PBXFileReference; lastKnownFileType = folder.assetcatalog; path = Assets.xcassets; sourceTree = "<group>"; };
		CCD09BD71FC381D7000E4E30 /* Base */ = {isa = PBXFileReference; lastKnownFileType = file.storyboard; name = Base; path = Base.lproj/LaunchScreen.storyboard; sourceTree = "<group>"; };
		CCD09BD91FC381D7000E4E30 /* Info.plist */ = {isa = PBXFileReference; lastKnownFileType = text.plist.xml; path = Info.plist; sourceTree = "<group>"; };
		CCD09BEA1FC387FA000E4E30 /* MapKit.framework */ = {isa = PBXFileReference; lastKnownFileType = wrapper.framework; name = MapKit.framework; path = System/Library/Frameworks/MapKit.framework; sourceTree = SDKROOT; };
		CCD09BF01FC394DC000E4E30 /* Place.swift */ = {isa = PBXFileReference; lastKnownFileType = sourcecode.swift; path = Place.swift; sourceTree = "<group>"; };
		CCD09BF31FC39DC4000E4E30 /* PlaceAnnotation.swift */ = {isa = PBXFileReference; lastKnownFileType = sourcecode.swift; path = PlaceAnnotation.swift; sourceTree = "<group>"; };
		CCF089A020DE4C4100F8416B /* ProgressButton.xib */ = {isa = PBXFileReference; lastKnownFileType = file.xib; path = ProgressButton.xib; sourceTree = "<group>"; };
		CCF089A220DE4CAA00F8416B /* ProgressButton.swift */ = {isa = PBXFileReference; lastKnownFileType = sourcecode.swift; path = ProgressButton.swift; sourceTree = "<group>"; };
		CCF089A420DE6AA100F8416B /* GradientView.swift */ = {isa = PBXFileReference; lastKnownFileType = sourcecode.swift; path = GradientView.swift; sourceTree = "<group>"; };
		CCF089A620DE7C7600F8416B /* GoogleService-Info.plist */ = {isa = PBXFileReference; fileEncoding = 4; lastKnownFileType = text.plist.xml; path = "GoogleService-Info.plist"; sourceTree = "<group>"; };
		CCF1FD541FCB0A2E000DF9EA /* ChoosePositionViewController.swift */ = {isa = PBXFileReference; lastKnownFileType = sourcecode.swift; path = ChoosePositionViewController.swift; sourceTree = "<group>"; };
		F6D7DAA6699351AD97FC99C6 /* Pods-places.release.xcconfig */ = {isa = PBXFileReference; includeInIndex = 1; lastKnownFileType = text.xcconfig; name = "Pods-places.release.xcconfig"; path = "Pods/Target Support Files/Pods-places/Pods-places.release.xcconfig"; sourceTree = "<group>"; };
/* End PBXFileReference section */

/* Begin PBXFrameworksBuildPhase section */
		CCD09BC51FC381D7000E4E30 /* Frameworks */ = {
			isa = PBXFrameworksBuildPhase;
			buildActionMask = 2147483647;
			files = (
				CCD09BEB1FC387FA000E4E30 /* MapKit.framework in Frameworks */,
				8F59CD800FD5141EAB8BEF2C /* Pods_places.framework in Frameworks */,
			);
			runOnlyForDeploymentPostprocessing = 0;
		};
/* End PBXFrameworksBuildPhase section */

/* Begin PBXGroup section */
		88B6AFFC345072BA1BECE295 /* Pods */ = {
			isa = PBXGroup;
			children = (
				32895292E4E6811FBB274D37 /* Pods-places.debug.xcconfig */,
				F6D7DAA6699351AD97FC99C6 /* Pods-places.release.xcconfig */,
			);
			name = Pods;
			sourceTree = "<group>";
		};
		CC1465041FCAE544008A3937 /* views */ = {
			isa = PBXGroup;
			children = (
				CC1465051FCAE556008A3937 /* ShadowView.swift */,
				CCF089A020DE4C4100F8416B /* ProgressButton.xib */,
				CCF089A220DE4CAA00F8416B /* ProgressButton.swift */,
				CCF089A420DE6AA100F8416B /* GradientView.swift */,
			);
			path = views;
			sourceTree = "<group>";
		};
		CCD09BBF1FC381D7000E4E30 = {
			isa = PBXGroup;
			children = (
				CCD09BCA1FC381D7000E4E30 /* places */,
				CCD09BC91FC381D7000E4E30 /* Products */,
				CCD09BE91FC387FA000E4E30 /* Frameworks */,
				88B6AFFC345072BA1BECE295 /* Pods */,
			);
			sourceTree = "<group>";
		};
		CCD09BC91FC381D7000E4E30 /* Products */ = {
			isa = PBXGroup;
			children = (
				CCD09BC81FC381D7000E4E30 /* places.app */,
			);
			name = Products;
			sourceTree = "<group>";
		};
		CCD09BCA1FC381D7000E4E30 /* places */ = {
			isa = PBXGroup;
			children = (
				CC1465041FCAE544008A3937 /* views */,
				CCD09BF21FC39DAC000E4E30 /* annotations */,
				CCD09BEF1FC394D0000E4E30 /* models */,
				CCD09BEE1FC39275000E4E30 /* controllers */,
				CCD09BDF1FC384CE000E4E30 /* cells */,
				CC1366671FC4BDB500DE2A1E /* MyCollectionViewLayout.swift */,
				CCD09BD41FC381D7000E4E30 /* Assets.xcassets */,
				CC5E83ED1FD48A1500DDFD4C /* Main.storyboard */,
				CCD09BD61FC381D7000E4E30 /* LaunchScreen.storyboard */,
				CCD09BCB1FC381D7000E4E30 /* AppDelegate.swift */,
				CCD09BD91FC381D7000E4E30 /* Info.plist */,
				CCF089A620DE7C7600F8416B /* GoogleService-Info.plist */,
			);
			path = places;
			sourceTree = "<group>";
		};
		CCD09BDF1FC384CE000E4E30 /* cells */ = {
			isa = PBXGroup;
			children = (
				CC1366611FC4BA0A00DE2A1E /* CardCVC.swift */,
				CC1366621FC4BA0A00DE2A1E /* CardCVC.xib */,
			);
			path = cells;
			sourceTree = "<group>";
		};
		CCD09BE91FC387FA000E4E30 /* Frameworks */ = {
			isa = PBXGroup;
			children = (
				CCD09BEA1FC387FA000E4E30 /* MapKit.framework */,
				45D3FA86B7A408AFACDB6554 /* Pods_places.framework */,
			);
			name = Frameworks;
			sourceTree = "<group>";
		};
		CCD09BEE1FC39275000E4E30 /* controllers */ = {
			isa = PBXGroup;
			children = (
				CCD09BCD1FC381D7000E4E30 /* HomeViewController.swift */,
				CCF1FD541FCB0A2E000DF9EA /* ChoosePositionViewController.swift */,
				CC5E83E71FD47AED00DDFD4C /* AddPositionDetailsViewController.swift */,
			);
			path = controllers;
			sourceTree = "<group>";
		};
		CCD09BEF1FC394D0000E4E30 /* models */ = {
			isa = PBXGroup;
			children = (
				CCD09BF01FC394DC000E4E30 /* Place.swift */,
			);
			path = models;
			sourceTree = "<group>";
		};
		CCD09BF21FC39DAC000E4E30 /* annotations */ = {
			isa = PBXGroup;
			children = (
				CCD09BF31FC39DC4000E4E30 /* PlaceAnnotation.swift */,
			);
			path = annotations;
			sourceTree = "<group>";
		};
/* End PBXGroup section */

/* Begin PBXNativeTarget section */
		CCD09BC71FC381D7000E4E30 /* places */ = {
			isa = PBXNativeTarget;
			buildConfigurationList = CCD09BDC1FC381D7000E4E30 /* Build configuration list for PBXNativeTarget "places" */;
			buildPhases = (
				2B4CF209DC9A53B3C7BF9897 /* [CP] Check Pods Manifest.lock */,
				CCD09BC41FC381D7000E4E30 /* Sources */,
				CCD09BC51FC381D7000E4E30 /* Frameworks */,
				CCD09BC61FC381D7000E4E30 /* Resources */,
				C3C67582A6BBD000FA46363F /* [CP] Embed Pods Frameworks */,
				B2D453F6787FB1B96010EE06 /* [CP] Copy Pods Resources */,
			);
			buildRules = (
			);
			dependencies = (
			);
			name = places;
			productName = places;
			productReference = CCD09BC81FC381D7000E4E30 /* places.app */;
			productType = "com.apple.product-type.application";
		};
/* End PBXNativeTarget section */

/* Begin PBXProject section */
		CCD09BC01FC381D7000E4E30 /* Project object */ = {
			isa = PBXProject;
			attributes = {
				LastSwiftUpdateCheck = 0910;
				LastUpgradeCheck = 0910;
				ORGANIZATIONNAME = Spitek;
				TargetAttributes = {
					CCD09BC71FC381D7000E4E30 = {
						CreatedOnToolsVersion = 9.1;
						ProvisioningStyle = Automatic;
						SystemCapabilities = {
							com.apple.Maps.iOS = {
								enabled = 1;
							};
						};
					};
				};
			};
			buildConfigurationList = CCD09BC31FC381D7000E4E30 /* Build configuration list for PBXProject "places" */;
			compatibilityVersion = "Xcode 8.0";
			developmentRegion = en;
			hasScannedForEncodings = 0;
			knownRegions = (
				en,
				Base,
			);
			mainGroup = CCD09BBF1FC381D7000E4E30;
			productRefGroup = CCD09BC91FC381D7000E4E30 /* Products */;
			projectDirPath = "";
			projectRoot = "";
			targets = (
				CCD09BC71FC381D7000E4E30 /* places */,
			);
		};
/* End PBXProject section */

/* Begin PBXResourcesBuildPhase section */
		CCD09BC61FC381D7000E4E30 /* Resources */ = {
			isa = PBXResourcesBuildPhase;
			buildActionMask = 2147483647;
			files = (
				CCF089A120DE4C4100F8416B /* ProgressButton.xib in Resources */,
				CCD09BD81FC381D7000E4E30 /* LaunchScreen.storyboard in Resources */,
				CC5E83EE1FD48A1500DDFD4C /* Main.storyboard in Resources */,
				CCD09BD51FC381D7000E4E30 /* Assets.xcassets in Resources */,
				CC1366641FC4BA0A00DE2A1E /* CardCVC.xib in Resources */,
				CCF089A720DE7C7700F8416B /* GoogleService-Info.plist in Resources */,
			);
			runOnlyForDeploymentPostprocessing = 0;
		};
/* End PBXResourcesBuildPhase section */

/* Begin PBXShellScriptBuildPhase section */
		2B4CF209DC9A53B3C7BF9897 /* [CP] Check Pods Manifest.lock */ = {
			isa = PBXShellScriptBuildPhase;
			buildActionMask = 2147483647;
			files = (
			);
			inputPaths = (
				"${PODS_PODFILE_DIR_PATH}/Podfile.lock",
				"${PODS_ROOT}/Manifest.lock",
			);
			name = "[CP] Check Pods Manifest.lock";
			outputPaths = (
				"$(DERIVED_FILE_DIR)/Pods-places-checkManifestLockResult.txt",
			);
			runOnlyForDeploymentPostprocessing = 0;
			shellPath = /bin/sh;
			shellScript = "diff \"${PODS_PODFILE_DIR_PATH}/Podfile.lock\" \"${PODS_ROOT}/Manifest.lock\" > /dev/null\nif [ $? != 0 ] ; then\n    # print error to STDERR\n    echo \"error: The sandbox is not in sync with the Podfile.lock. Run 'pod install' or update your CocoaPods installation.\" >&2\n    exit 1\nfi\n# This output is used by Xcode 'outputs' to avoid re-running this script phase.\necho \"SUCCESS\" > \"${SCRIPT_OUTPUT_FILE_0}\"\n";
			showEnvVarsInLog = 0;
		};
		B2D453F6787FB1B96010EE06 /* [CP] Copy Pods Resources */ = {
			isa = PBXShellScriptBuildPhase;
			buildActionMask = 2147483647;
			files = (
			);
			inputPaths = (
			);
			name = "[CP] Copy Pods Resources";
			outputPaths = (
			);
			runOnlyForDeploymentPostprocessing = 0;
			shellPath = /bin/sh;
			shellScript = "\"${SRCROOT}/Pods/Target Support Files/Pods-places/Pods-places-resources.sh\"\n";
			showEnvVarsInLog = 0;
		};
		C3C67582A6BBD000FA46363F /* [CP] Embed Pods Frameworks */ = {
			isa = PBXShellScriptBuildPhase;
			buildActionMask = 2147483647;
			files = (
			);
			inputPaths = (
				"${SRCROOT}/Pods/Target Support Files/Pods-places/Pods-places-frameworks.sh",
				"${BUILT_PRODUCTS_DIR}/GTMSessionFetcher/GTMSessionFetcher.framework",
				"${BUILT_PRODUCTS_DIR}/GoogleToolboxForMac/GoogleToolboxForMac.framework",
				"${BUILT_PRODUCTS_DIR}/Kingfisher/Kingfisher.framework",
				"${BUILT_PRODUCTS_DIR}/leveldb-library/leveldb.framework",
				"${BUILT_PRODUCTS_DIR}/nanopb/nanopb.framework",
			);
			name = "[CP] Embed Pods Frameworks";
			outputPaths = (
				"${TARGET_BUILD_DIR}/${FRAMEWORKS_FOLDER_PATH}/GTMSessionFetcher.framework",
				"${TARGET_BUILD_DIR}/${FRAMEWORKS_FOLDER_PATH}/GoogleToolboxForMac.framework",
				"${TARGET_BUILD_DIR}/${FRAMEWORKS_FOLDER_PATH}/Kingfisher.framework",
				"${TARGET_BUILD_DIR}/${FRAMEWORKS_FOLDER_PATH}/leveldb.framework",
				"${TARGET_BUILD_DIR}/${FRAMEWORKS_FOLDER_PATH}/nanopb.framework",
			);
			runOnlyForDeploymentPostprocessing = 0;
			shellPath = /bin/sh;
			shellScript = "\"${SRCROOT}/Pods/Target Support Files/Pods-places/Pods-places-frameworks.sh\"\n";
			showEnvVarsInLog = 0;
		};
/* End PBXShellScriptBuildPhase section */

/* Begin PBXSourcesBuildPhase section */
		CCD09BC41FC381D7000E4E30 /* Sources */ = {
			isa = PBXSourcesBuildPhase;
			buildActionMask = 2147483647;
			files = (
				CCD09BF11FC394DC000E4E30 /* Place.swift in Sources */,
				CC5E83E81FD47AED00DDFD4C /* AddPositionDetailsViewController.swift in Sources */,
				CCF089A520DE6AA100F8416B /* GradientView.swift in Sources */,
				CC1366631FC4BA0A00DE2A1E /* CardCVC.swift in Sources */,
				CCF1FD551FCB0A2E000DF9EA /* ChoosePositionViewController.swift in Sources */,
				CCD09BCC1FC381D7000E4E30 /* AppDelegate.swift in Sources */,
				CC1465061FCAE556008A3937 /* ShadowView.swift in Sources */,
				CCD09BF41FC39DC4000E4E30 /* PlaceAnnotation.swift in Sources */,
				CC1366681FC4BDB500DE2A1E /* MyCollectionViewLayout.swift in Sources */,
				CCF089A320DE4CAA00F8416B /* ProgressButton.swift in Sources */,
				CCD09BCE1FC381D7000E4E30 /* HomeViewController.swift in Sources */,
			);
			runOnlyForDeploymentPostprocessing = 0;
		};
/* End PBXSourcesBuildPhase section */

/* Begin PBXVariantGroup section */
		CCD09BD61FC381D7000E4E30 /* LaunchScreen.storyboard */ = {
			isa = PBXVariantGroup;
			children = (
				CCD09BD71FC381D7000E4E30 /* Base */,
			);
			name = LaunchScreen.storyboard;
			sourceTree = "<group>";
		};
/* End PBXVariantGroup section */

/* Begin XCBuildConfiguration section */
		CCD09BDA1FC381D7000E4E30 /* Debug */ = {
			isa = XCBuildConfiguration;
			buildSettings = {
				ALWAYS_SEARCH_USER_PATHS = NO;
				CLANG_ANALYZER_NONNULL = YES;
				CLANG_ANALYZER_NUMBER_OBJECT_CONVERSION = YES_AGGRESSIVE;
				CLANG_CXX_LANGUAGE_STANDARD = "gnu++14";
				CLANG_CXX_LIBRARY = "libc++";
				CLANG_ENABLE_MODULES = YES;
				CLANG_ENABLE_OBJC_ARC = YES;
				CLANG_WARN_BLOCK_CAPTURE_AUTORELEASING = YES;
				CLANG_WARN_BOOL_CONVERSION = YES;
				CLANG_WARN_COMMA = YES;
				CLANG_WARN_CONSTANT_CONVERSION = YES;
				CLANG_WARN_DIRECT_OBJC_ISA_USAGE = YES_ERROR;
				CLANG_WARN_DOCUMENTATION_COMMENTS = YES;
				CLANG_WARN_EMPTY_BODY = YES;
				CLANG_WARN_ENUM_CONVERSION = YES;
				CLANG_WARN_INFINITE_RECURSION = YES;
				CLANG_WARN_INT_CONVERSION = YES;
				CLANG_WARN_NON_LITERAL_NULL_CONVERSION = YES;
				CLANG_WARN_OBJC_LITERAL_CONVERSION = YES;
				CLANG_WARN_OBJC_ROOT_CLASS = YES_ERROR;
				CLANG_WARN_RANGE_LOOP_ANALYSIS = YES;
				CLANG_WARN_STRICT_PROTOTYPES = YES;
				CLANG_WARN_SUSPICIOUS_MOVE = YES;
				CLANG_WARN_UNGUARDED_AVAILABILITY = YES_AGGRESSIVE;
				CLANG_WARN_UNREACHABLE_CODE = YES;
				CLANG_WARN__DUPLICATE_METHOD_MATCH = YES;
				CODE_SIGN_IDENTITY = "iPhone Developer";
				COPY_PHASE_STRIP = NO;
				DEBUG_INFORMATION_FORMAT = dwarf;
				ENABLE_STRICT_OBJC_MSGSEND = YES;
				ENABLE_TESTABILITY = YES;
				GCC_C_LANGUAGE_STANDARD = gnu11;
				GCC_DYNAMIC_NO_PIC = NO;
				GCC_NO_COMMON_BLOCKS = YES;
				GCC_OPTIMIZATION_LEVEL = 0;
				GCC_PREPROCESSOR_DEFINITIONS = (
					"DEBUG=1",
					"$(inherited)",
				);
				GCC_WARN_64_TO_32_BIT_CONVERSION = YES;
				GCC_WARN_ABOUT_RETURN_TYPE = YES_ERROR;
				GCC_WARN_UNDECLARED_SELECTOR = YES;
				GCC_WARN_UNINITIALIZED_AUTOS = YES_AGGRESSIVE;
				GCC_WARN_UNUSED_FUNCTION = YES;
				GCC_WARN_UNUSED_VARIABLE = YES;
				IPHONEOS_DEPLOYMENT_TARGET = 11.1;
				MTL_ENABLE_DEBUG_INFO = YES;
				ONLY_ACTIVE_ARCH = YES;
				SDKROOT = iphoneos;
				SWIFT_ACTIVE_COMPILATION_CONDITIONS = DEBUG;
				SWIFT_OPTIMIZATION_LEVEL = "-Onone";
			};
			name = Debug;
		};
		CCD09BDB1FC381D7000E4E30 /* Release */ = {
			isa = XCBuildConfiguration;
			buildSettings = {
				ALWAYS_SEARCH_USER_PATHS = NO;
				CLANG_ANALYZER_NONNULL = YES;
				CLANG_ANALYZER_NUMBER_OBJECT_CONVERSION = YES_AGGRESSIVE;
				CLANG_CXX_LANGUAGE_STANDARD = "gnu++14";
				CLANG_CXX_LIBRARY = "libc++";
				CLANG_ENABLE_MODULES = YES;
				CLANG_ENABLE_OBJC_ARC = YES;
				CLANG_WARN_BLOCK_CAPTURE_AUTORELEASING = YES;
				CLANG_WARN_BOOL_CONVERSION = YES;
				CLANG_WARN_COMMA = YES;
				CLANG_WARN_CONSTANT_CONVERSION = YES;
				CLANG_WARN_DIRECT_OBJC_ISA_USAGE = YES_ERROR;
				CLANG_WARN_DOCUMENTATION_COMMENTS = YES;
				CLANG_WARN_EMPTY_BODY = YES;
				CLANG_WARN_ENUM_CONVERSION = YES;
				CLANG_WARN_INFINITE_RECURSION = YES;
				CLANG_WARN_INT_CONVERSION = YES;
				CLANG_WARN_NON_LITERAL_NULL_CONVERSION = YES;
				CLANG_WARN_OBJC_LITERAL_CONVERSION = YES;
				CLANG_WARN_OBJC_ROOT_CLASS = YES_ERROR;
				CLANG_WARN_RANGE_LOOP_ANALYSIS = YES;
				CLANG_WARN_STRICT_PROTOTYPES = YES;
				CLANG_WARN_SUSPICIOUS_MOVE = YES;
				CLANG_WARN_UNGUARDED_AVAILABILITY = YES_AGGRESSIVE;
				CLANG_WARN_UNREACHABLE_CODE = YES;
				CLANG_WARN__DUPLICATE_METHOD_MATCH = YES;
				CODE_SIGN_IDENTITY = "iPhone Developer";
				COPY_PHASE_STRIP = NO;
				DEBUG_INFORMATION_FORMAT = "dwarf-with-dsym";
				ENABLE_NS_ASSERTIONS = NO;
				ENABLE_STRICT_OBJC_MSGSEND = YES;
				GCC_C_LANGUAGE_STANDARD = gnu11;
				GCC_NO_COMMON_BLOCKS = YES;
				GCC_WARN_64_TO_32_BIT_CONVERSION = YES;
				GCC_WARN_ABOUT_RETURN_TYPE = YES_ERROR;
				GCC_WARN_UNDECLARED_SELECTOR = YES;
				GCC_WARN_UNINITIALIZED_AUTOS = YES_AGGRESSIVE;
				GCC_WARN_UNUSED_FUNCTION = YES;
				GCC_WARN_UNUSED_VARIABLE = YES;
				IPHONEOS_DEPLOYMENT_TARGET = 11.1;
				MTL_ENABLE_DEBUG_INFO = NO;
				SDKROOT = iphoneos;
				SWIFT_OPTIMIZATION_LEVEL = "-Owholemodule";
				VALIDATE_PRODUCT = YES;
			};
			name = Release;
		};
		CCD09BDD1FC381D7000E4E30 /* Debug */ = {
			isa = XCBuildConfiguration;
			baseConfigurationReference = 32895292E4E6811FBB274D37 /* Pods-places.debug.xcconfig */;
			buildSettings = {
				ASSETCATALOG_COMPILER_APPICON_NAME = AppIcon;
				CODE_SIGN_STYLE = Automatic;
				DEVELOPMENT_TEAM = 892242QN2J;
				INFOPLIST_FILE = places/Info.plist;
				LD_RUNPATH_SEARCH_PATHS = "$(inherited) @executable_path/Frameworks";
				PRODUCT_BUNDLE_IDENTIFIER = me.places;
				PRODUCT_NAME = "$(TARGET_NAME)";
				SWIFT_VERSION = 4.0;
				TARGETED_DEVICE_FAMILY = "1,2";
			};
			name = Debug;
		};
		CCD09BDE1FC381D7000E4E30 /* Release */ = {
			isa = XCBuildConfiguration;
			baseConfigurationReference = F6D7DAA6699351AD97FC99C6 /* Pods-places.release.xcconfig */;
			buildSettings = {
				ASSETCATALOG_COMPILER_APPICON_NAME = AppIcon;
				CODE_SIGN_STYLE = Automatic;
				DEVELOPMENT_TEAM = 892242QN2J;
				INFOPLIST_FILE = places/Info.plist;
				LD_RUNPATH_SEARCH_PATHS = "$(inherited) @executable_path/Frameworks";
				PRODUCT_BUNDLE_IDENTIFIER = me.places;
				PRODUCT_NAME = "$(TARGET_NAME)";
				SWIFT_VERSION = 4.0;
				TARGETED_DEVICE_FAMILY = "1,2";
			};
			name = Release;
		};
/* End XCBuildConfiguration section */

/* Begin XCConfigurationList section */
		CCD09BC31FC381D7000E4E30 /* Build configuration list for PBXProject "places" */ = {
			isa = XCConfigurationList;
			buildConfigurations = (
				CCD09BDA1FC381D7000E4E30 /* Debug */,
				CCD09BDB1FC381D7000E4E30 /* Release */,
			);
			defaultConfigurationIsVisible = 0;
			defaultConfigurationName = Release;
		};
		CCD09BDC1FC381D7000E4E30 /* Build configuration list for PBXNativeTarget "places" */ = {
			isa = XCConfigurationList;
			buildConfigurations = (
				CCD09BDD1FC381D7000E4E30 /* Debug */,
				CCD09BDE1FC381D7000E4E30 /* Release */,
			);
			defaultConfigurationIsVisible = 0;
			defaultConfigurationName = Release;
		};
/* End XCConfigurationList section */
	};
	rootObject = CCD09BC01FC381D7000E4E30 /* Project object */;
}
